
Microsoft Visual Studio Solution File, Format Version 12.00
# Visual Studio Version 16
VisualStudioVersion = 16.0.30621.155
MinimumVisualStudioVersion = 10.0.40219.1
Project("{8BC9CEB8-8B4A-11D0-8D11-00A0C91BC942}") = "lab 11.1", "lab 11.1\lab 11.1.vcxproj", "{5A085538-A024-42AF-973B-A208CD5296E7}"
EndProject
Project("{8BC9CEB8-8B4A-11D0-8D11-00A0C91BC942}") = "UnitTest11.1", "UnitTest11.1\UnitTest11.1.vcxproj", "{B38EEBB6-A750-48A2-9466-69EB8E5873DA}"
EndProject
Global
	GlobalSection(SolutionConfigurationPlatforms) = preSolution
		Debug|x64 = Debug|x64
		Debug|x86 = Debug|x86
		Release|x64 = Release|x64
		Release|x86 = Release|x86
	EndGlobalSection
	GlobalSection(ProjectConfigurationPlatforms) = postSolution
		{5A085538-A024-42AF-973B-A208CD5296E7}.Debug|x64.ActiveCfg = Debug|x64
		{5A085538-A024-42AF-973B-A208CD5296E7}.Debug|x64.Build.0 = Debug|x64
		{5A085538-A024-42AF-973B-A208CD5296E7}.Debug|x86.ActiveCfg = Debug|Win32
		{5A085538-A024-42AF-973B-A208CD5296E7}.Debug|x86.Build.0 = Debug|Win32
		{5A085538-A024-42AF-973B-A208CD5296E7}.Release|x64.ActiveCfg = Release|x64
		{5A085538-A024-42AF-973B-A208CD5296E7}.Release|x64.Build.0 = Release|x64
		{5A085538-A024-42AF-973B-A208CD5296E7}.Release|x86.ActiveCfg = Release|Win32
		{5A085538-A024-42AF-973B-A208CD5296E7}.Release|x86.Build.0 = Release|Win32
		{B38EEBB6-A750-48A2-9466-69EB8E5873DA}.Debug|x64.ActiveCfg = Debug|x64
		{B38EEBB6-A750-48A2-9466-69EB8E5873DA}.Debug|x64.Build.0 = Debug|x64
		{B38EEBB6-A750-48A2-9466-69EB8E5873DA}.Debug|x86.ActiveCfg = Debug|Win32
		{B38EEBB6-A750-48A2-9466-69EB8E5873DA}.Debug|x86.Build.0 = Debug|Win32
		{B38EEBB6-A750-48A2-9466-69EB8E5873DA}.Release|x64.ActiveCfg = Release|x64
		{B38EEBB6-A750-48A2-9466-69EB8E5873DA}.Release|x64.Build.0 = Release|x64
		{B38EEBB6-A750-48A2-9466-69EB8E5873DA}.Release|x86.ActiveCfg = Release|Win32
		{B38EEBB6-A750-48A2-9466-69EB8E5873DA}.Release|x86.Build.0 = Release|Win32
	EndGlobalSection
	GlobalSection(SolutionProperties) = preSolution
		HideSolutionNode = FALSE
	EndGlobalSection
	GlobalSection(ExtensibilityGlobals) = postSolution
		SolutionGuid = {93809FA1-E6D3-40E6-9D72-154C9851B591}
	EndGlobalSection
EndGlobal
